
Microsoft Visual Studio Solution File, Format Version 12.00
# Visual Studio Version 17
VisualStudioVersion = 17.0.31903.59
MinimumVisualStudioVersion = 10.0.40219.1
Project("{FAE04EC0-301F-11D3-BF4B-00C04F79EFBC}") = "Fiotec.ProcessadorAssincrono.API", "src\Fiotec.ProcessadorAssincrono.API\Fiotec.ProcessadorAssincrono.API.csproj", "{415E8BBA-FF03-480F-9672-1447E8507E93}"
EndProject
Project("{FAE04EC0-301F-11D3-BF4B-00C04F79EFBC}") = "Fiotec.ProcessadorAssincrono.Application", "src\Fiotec.ProcessadorAssincrono.Application\Fiotec.ProcessadorAssincrono.Application.csproj", "{3D324A6F-1C5D-4632-9D3E-81E625783649}"
EndProject
Project("{FAE04EC0-301F-11D3-BF4B-00C04F79EFBC}") = "Fiotec.ProcessadorAssincrono.Domain", "src\Fiotec.ProcessadorAssincrono.Domain\Fiotec.ProcessadorAssincrono.Domain.csproj", "{76D0B6A9-D939-4F49-B6A5-0EEB583F3146}"
EndProject
Project("{FAE04EC0-301F-11D3-BF4B-00C04F79EFBC}") = "Fiotec.ProcessadorAssincrono.Infrastructure", "src\Fiotec.ProcessadorAssincrono.Infrastructure\Fiotec.ProcessadorAssincrono.Infrastructure.csproj", "{491CA53F-50D4-40F3-BFC2-4ABE34BCE7E3}"
EndProject
Project("{FAE04EC0-301F-11D3-BF4B-00C04F79EFBC}") = "Fiotec.ProcessadorAssincrono.Tests", "tests\Fiotec.ProcessadorAssincrono.Tests\Fiotec.ProcessadorAssincrono.Tests.csproj", "{E7A021BB-A9F1-4E6D-8232-0F24E50B7CC6}"
EndProject
Global
	GlobalSection(SolutionConfigurationPlatforms) = preSolution
		Debug|Any CPU = Debug|Any CPU
		Release|Any CPU = Release|Any CPU
	EndGlobalSection
	GlobalSection(ProjectConfigurationPlatforms) = postSolution
		{415E8BBA-FF03-480F-9672-1447E8507E93}.Debug|Any CPU.ActiveCfg = Debug|Any CPU
		{415E8BBA-FF03-480F-9672-1447E8507E93}.Debug|Any CPU.Build.0 = Debug|Any CPU
		{415E8BBA-FF03-480F-9672-1447E8507E93}.Release|Any CPU.ActiveCfg = Release|Any CPU
		{415E8BBA-FF03-480F-9672-1447E8507E93}.Release|Any CPU.Build.0 = Release|Any CPU
		{3D324A6F-1C5D-4632-9D3E-81E625783649}.Debug|Any CPU.ActiveCfg = Debug|Any CPU
		{3D324A6F-1C5D-4632-9D3E-81E625783649}.Debug|Any CPU.Build.0 = Debug|Any CPU
		{3D324A6F-1C5D-4632-9D3E-81E625783649}.Release|Any CPU.ActiveCfg = Release|Any CPU
		{3D324A6F-1C5D-4632-9D3E-81E625783649}.Release|Any CPU.Build.0 = Release|Any CPU
		{76D0B6A9-D939-4F49-B6A5-0EEB583F3146}.Debug|Any CPU.ActiveCfg = Debug|Any CPU
		{76D0B6A9-D939-4F49-B6A5-0EEB583F3146}.Debug|Any CPU.Build.0 = Debug|Any CPU
		{76D0B6A9-D939-4F49-B6A5-0EEB583F3146}.Release|Any CPU.ActiveCfg = Release|Any CPU
		{76D0B6A9-D939-4F49-B6A5-0EEB583F3146}.Release|Any CPU.Build.0 = Release|Any CPU
		{491CA53F-50D4-40F3-BFC2-4ABE34BCE7E3}.Debug|Any CPU.ActiveCfg = Debug|Any CPU
		{491CA53F-50D4-40F3-BFC2-4ABE34BCE7E3}.Debug|Any CPU.Build.0 = Debug|Any CPU
		{491CA53F-50D4-40F3-BFC2-4ABE34BCE7E3}.Release|Any CPU.ActiveCfg = Release|Any CPU
		{491CA53F-50D4-40F3-BFC2-4ABE34BCE7E3}.Release|Any CPU.Build.0 = Release|Any CPU
		{E7A021BB-A9F1-4E6D-8232-0F24E50B7CC6}.Debug|Any CPU.ActiveCfg = Debug|Any CPU
		{E7A021BB-A9F1-4E6D-8232-0F24E50B7CC6}.Debug|Any CPU.Build.0 = Debug|Any CPU
		{E7A021BB-A9F1-4E6D-8232-0F24E50B7CC6}.Release|Any CPU.ActiveCfg = Release|Any CPU
		{E7A021BB-A9F1-4E6D-8232-0F24E50B7CC6}.Release|Any CPU.Build.0 = Release|Any CPU
	EndGlobalSection
	GlobalSection(SolutionProperties) = preSolution
		HideSolutionNode = FALSE
	EndGlobalSection
	GlobalSection(ExtensibilityGlobals) = postSolution
		SolutionGuid = {169A6449-C664-40FC-A62C-7FCE568D9DA7}
	EndGlobalSection
EndGlobal
